// !$*UTF8*$!
{
	archiveVersion = 1;
	classes = {
	};
	objectVersion = 50;
	objects = {

/* Begin PBXBuildFile section */
		5149DCB822154C0F0076F121 /* AppDelegate.swift in Sources */ = {isa = PBXBuildFile; fileRef = 5149DCB722154C0F0076F121 /* AppDelegate.swift */; };
		5149DCBA22154C0F0076F121 /* LoginViewController.swift in Sources */ = {isa = PBXBuildFile; fileRef = 5149DCB922154C0F0076F121 /* LoginViewController.swift */; };
		5149DCBD22154C0F0076F121 /* Main.storyboard in Resources */ = {isa = PBXBuildFile; fileRef = 5149DCBB22154C0F0076F121 /* Main.storyboard */; };
		5149DCBF22154C100076F121 /* Assets.xcassets in Resources */ = {isa = PBXBuildFile; fileRef = 5149DCBE22154C100076F121 /* Assets.xcassets */; };
		5149DCC222154C100076F121 /* LaunchScreen.storyboard in Resources */ = {isa = PBXBuildFile; fileRef = 5149DCC022154C100076F121 /* LaunchScreen.storyboard */; };
		5149DCCD22154C100076F121 /* FinalAppTests.swift in Sources */ = {isa = PBXBuildFile; fileRef = 5149DCCC22154C100076F121 /* FinalAppTests.swift */; };
		5149DCD822154C100076F121 /* FinalAppUITests.swift in Sources */ = {isa = PBXBuildFile; fileRef = 5149DCD722154C100076F121 /* FinalAppUITests.swift */; };
		5149DCE622154D3F0076F121 /* SignInView.swift in Sources */ = {isa = PBXBuildFile; fileRef = 5149DCE522154D3F0076F121 /* SignInView.swift */; };
		5149DCE822154D8E0076F121 /* SignUpView.swift in Sources */ = {isa = PBXBuildFile; fileRef = 5149DCE722154D8E0076F121 /* SignUpView.swift */; };
		5149DCEA22154DAC0076F121 /* ProfilView.swift in Sources */ = {isa = PBXBuildFile; fileRef = 5149DCE922154DAC0076F121 /* ProfilView.swift */; };
		5149DCEC22154DC80076F121 /* User.swift in Sources */ = {isa = PBXBuildFile; fileRef = 5149DCEB22154DC80076F121 /* User.swift */; };
		5149DCEE22154DE90076F121 /* RegisteredUser.swift in Sources */ = {isa = PBXBuildFile; fileRef = 5149DCED22154DE90076F121 /* RegisteredUser.swift */; };
		5149DCF022154E060076F121 /* SignInViewDelegate.swift in Sources */ = {isa = PBXBuildFile; fileRef = 5149DCEF22154E060076F121 /* SignInViewDelegate.swift */; };
		5149DCF222154E1C0076F121 /* SignUpViewDelegate.swift in Sources */ = {isa = PBXBuildFile; fileRef = 5149DCF122154E1C0076F121 /* SignUpViewDelegate.swift */; };
		5149DCF422154E330076F121 /* ProfilViewDelegate.swift in Sources */ = {isa = PBXBuildFile; fileRef = 5149DCF322154E330076F121 /* ProfilViewDelegate.swift */; };
		5149DCF622154E550076F121 /* SignUpView.xib in Resources */ = {isa = PBXBuildFile; fileRef = 5149DCF522154E550076F121 /* SignUpView.xib */; };
		5149DCFE221552020076F121 /* SignInView.xib in Resources */ = {isa = PBXBuildFile; fileRef = 5149DCFD221552020076F121 /* SignInView.xib */; };
		5149DD00221564720076F121 /* ProfilView.xib in Resources */ = {isa = PBXBuildFile; fileRef = 5149DCFF221553770076F121 /* ProfilView.xib */; };
		5149DD0222156FF00076F121 /* Form.swift in Sources */ = {isa = PBXBuildFile; fileRef = 5149DD0122156FF00076F121 /* Form.swift */; };
/* End PBXBuildFile section */

/* Begin PBXContainerItemProxy section */
		5149DCC922154C100076F121 /* PBXContainerItemProxy */ = {
			isa = PBXContainerItemProxy;
			containerPortal = 5149DCAC22154C0F0076F121 /* Project object */;
			proxyType = 1;
			remoteGlobalIDString = 5149DCB322154C0F0076F121;
			remoteInfo = FinalApp;
		};
		5149DCD422154C100076F121 /* PBXContainerItemProxy */ = {
			isa = PBXContainerItemProxy;
			containerPortal = 5149DCAC22154C0F0076F121 /* Project object */;
			proxyType = 1;
			remoteGlobalIDString = 5149DCB322154C0F0076F121;
			remoteInfo = FinalApp;
		};
/* End PBXContainerItemProxy section */

/* Begin PBXFileReference section */
		5149DCB422154C0F0076F121 /* FinalApp.app */ = {isa = PBXFileReference; explicitFileType = wrapper.application; includeInIndex = 0; path = FinalApp.app; sourceTree = BUILT_PRODUCTS_DIR; };
		5149DCB722154C0F0076F121 /* AppDelegate.swift */ = {isa = PBXFileReference; lastKnownFileType = sourcecode.swift; path = AppDelegate.swift; sourceTree = "<group>"; };
		5149DCB922154C0F0076F121 /* LoginViewController.swift */ = {isa = PBXFileReference; lastKnownFileType = sourcecode.swift; path = LoginViewController.swift; sourceTree = "<group>"; };
		5149DCBC22154C0F0076F121 /* Base */ = {isa = PBXFileReference; lastKnownFileType = file.storyboard; name = Base; path = Base.lproj/Main.storyboard; sourceTree = "<group>"; };
		5149DCBE22154C100076F121 /* Assets.xcassets */ = {isa = PBXFileReference; lastKnownFileType = folder.assetcatalog; path = Assets.xcassets; sourceTree = "<group>"; };
		5149DCC122154C100076F121 /* Base */ = {isa = PBXFileReference; lastKnownFileType = file.storyboard; name = Base; path = Base.lproj/LaunchScreen.storyboard; sourceTree = "<group>"; };
		5149DCC322154C100076F121 /* Info.plist */ = {isa = PBXFileReference; lastKnownFileType = text.plist.xml; path = Info.plist; sourceTree = "<group>"; };
		5149DCC822154C100076F121 /* FinalAppTests.xctest */ = {isa = PBXFileReference; explicitFileType = wrapper.cfbundle; includeInIndex = 0; path = FinalAppTests.xctest; sourceTree = BUILT_PRODUCTS_DIR; };
		5149DCCC22154C100076F121 /* FinalAppTests.swift */ = {isa = PBXFileReference; lastKnownFileType = sourcecode.swift; path = FinalAppTests.swift; sourceTree = "<group>"; };
		5149DCCE22154C100076F121 /* Info.plist */ = {isa = PBXFileReference; lastKnownFileType = text.plist.xml; path = Info.plist; sourceTree = "<group>"; };
		5149DCD322154C100076F121 /* FinalAppUITests.xctest */ = {isa = PBXFileReference; explicitFileType = wrapper.cfbundle; includeInIndex = 0; path = FinalAppUITests.xctest; sourceTree = BUILT_PRODUCTS_DIR; };
		5149DCD722154C100076F121 /* FinalAppUITests.swift */ = {isa = PBXFileReference; lastKnownFileType = sourcecode.swift; path = FinalAppUITests.swift; sourceTree = "<group>"; };
		5149DCD922154C100076F121 /* Info.plist */ = {isa = PBXFileReference; lastKnownFileType = text.plist.xml; path = Info.plist; sourceTree = "<group>"; };
		5149DCE522154D3F0076F121 /* SignInView.swift */ = {isa = PBXFileReference; lastKnownFileType = sourcecode.swift; path = SignInView.swift; sourceTree = "<group>"; };
		5149DCE722154D8E0076F121 /* SignUpView.swift */ = {isa = PBXFileReference; lastKnownFileType = sourcecode.swift; path = SignUpView.swift; sourceTree = "<group>"; };
		5149DCE922154DAC0076F121 /* ProfilView.swift */ = {isa = PBXFileReference; lastKnownFileType = sourcecode.swift; path = ProfilView.swift; sourceTree = "<group>"; };
		5149DCEB22154DC80076F121 /* User.swift */ = {isa = PBXFileReference; lastKnownFileType = sourcecode.swift; path = User.swift; sourceTree = "<group>"; };
		5149DCED22154DE90076F121 /* RegisteredUser.swift */ = {isa = PBXFileReference; lastKnownFileType = sourcecode.swift; path = RegisteredUser.swift; sourceTree = "<group>"; };
		5149DCEF22154E060076F121 /* SignInViewDelegate.swift */ = {isa = PBXFileReference; lastKnownFileType = sourcecode.swift; path = SignInViewDelegate.swift; sourceTree = "<group>"; };
		5149DCF122154E1C0076F121 /* SignUpViewDelegate.swift */ = {isa = PBXFileReference; lastKnownFileType = sourcecode.swift; path = SignUpViewDelegate.swift; sourceTree = "<group>"; };
		5149DCF322154E330076F121 /* ProfilViewDelegate.swift */ = {isa = PBXFileReference; lastKnownFileType = sourcecode.swift; path = ProfilViewDelegate.swift; sourceTree = "<group>"; };
		5149DCF522154E550076F121 /* SignUpView.xib */ = {isa = PBXFileReference; lastKnownFileType = file.xib; path = SignUpView.xib; sourceTree = "<group>"; };
		5149DCFD221552020076F121 /* SignInView.xib */ = {isa = PBXFileReference; lastKnownFileType = file.xib; path = SignInView.xib; sourceTree = "<group>"; };
		5149DCFF221553770076F121 /* ProfilView.xib */ = {isa = PBXFileReference; lastKnownFileType = file.xib; path = ProfilView.xib; sourceTree = "<group>"; };
		5149DD0122156FF00076F121 /* Form.swift */ = {isa = PBXFileReference; lastKnownFileType = sourcecode.swift; path = Form.swift; sourceTree = "<group>"; };
/* End PBXFileReference section */

/* Begin PBXFrameworksBuildPhase section */
		5149DCB122154C0F0076F121 /* Frameworks */ = {
			isa = PBXFrameworksBuildPhase;
			buildActionMask = 2147483647;
			files = (
			);
			runOnlyForDeploymentPostprocessing = 0;
		};
		5149DCC522154C100076F121 /* Frameworks */ = {
			isa = PBXFrameworksBuildPhase;
			buildActionMask = 2147483647;
			files = (
			);
			runOnlyForDeploymentPostprocessing = 0;
		};
		5149DCD022154C100076F121 /* Frameworks */ = {
			isa = PBXFrameworksBuildPhase;
			buildActionMask = 2147483647;
			files = (
			);
			runOnlyForDeploymentPostprocessing = 0;
		};
/* End PBXFrameworksBuildPhase section */

/* Begin PBXGroup section */
		5149DCAB22154C0F0076F121 = {
			isa = PBXGroup;
			children = (
				5149DCB622154C0F0076F121 /* FinalApp */,
				5149DCCB22154C100076F121 /* FinalAppTests */,
				5149DCD622154C100076F121 /* FinalAppUITests */,
				5149DCB522154C0F0076F121 /* Products */,
			);
			sourceTree = "<group>";
		};
		5149DCB522154C0F0076F121 /* Products */ = {
			isa = PBXGroup;
			children = (
				5149DCB422154C0F0076F121 /* FinalApp.app */,
				5149DCC822154C100076F121 /* FinalAppTests.xctest */,
				5149DCD322154C100076F121 /* FinalAppUITests.xctest */,
			);
			name = Products;
			sourceTree = "<group>";
		};
		5149DCB622154C0F0076F121 /* FinalApp */ = {
			isa = PBXGroup;
			children = (
				5149DCF922154E700076F121 /* views */,
				5149DCF822154E670076F121 /* delegates */,
				5149DCF722154E5D0076F121 /* models */,
				5149DCB722154C0F0076F121 /* AppDelegate.swift */,
				5149DCB922154C0F0076F121 /* LoginViewController.swift */,
				5149DCBB22154C0F0076F121 /* Main.storyboard */,
				5149DCBE22154C100076F121 /* Assets.xcassets */,
				5149DCC022154C100076F121 /* LaunchScreen.storyboard */,
				5149DCC322154C100076F121 /* Info.plist */,
			);
			path = FinalApp;
			sourceTree = "<group>";
		};
		5149DCCB22154C100076F121 /* FinalAppTests */ = {
			isa = PBXGroup;
			children = (
				5149DCCC22154C100076F121 /* FinalAppTests.swift */,
				5149DCCE22154C100076F121 /* Info.plist */,
			);
			path = FinalAppTests;
			sourceTree = "<group>";
		};
		5149DCD622154C100076F121 /* FinalAppUITests */ = {
			isa = PBXGroup;
			children = (
				5149DCD722154C100076F121 /* FinalAppUITests.swift */,
				5149DCD922154C100076F121 /* Info.plist */,
			);
			path = FinalAppUITests;
			sourceTree = "<group>";
		};
		5149DCF722154E5D0076F121 /* models */ = {
			isa = PBXGroup;
			children = (
				5149DCEB22154DC80076F121 /* User.swift */,
				5149DCED22154DE90076F121 /* RegisteredUser.swift */,
				5149DD0122156FF00076F121 /* Form.swift */,
			);
			path = models;
			sourceTree = "<group>";
		};
		5149DCF822154E670076F121 /* delegates */ = {
			isa = PBXGroup;
			children = (
				5149DCEF22154E060076F121 /* SignInViewDelegate.swift */,
				5149DCF122154E1C0076F121 /* SignUpViewDelegate.swift */,
				5149DCF322154E330076F121 /* ProfilViewDelegate.swift */,
			);
			path = delegates;
			sourceTree = "<group>";
		};
		5149DCF922154E700076F121 /* views */ = {
			isa = PBXGroup;
			children = (
				5149DCFC22154EA00076F121 /* profilView */,
				5149DCFB22154E980076F121 /* signUp */,
				5149DCFA22154E8C0076F121 /* signIn */,
			);
			path = views;
			sourceTree = "<group>";
		};
		5149DCFA22154E8C0076F121 /* signIn */ = {
			isa = PBXGroup;
			children = (
				5149DCE522154D3F0076F121 /* SignInView.swift */,
				5149DCFD221552020076F121 /* SignInView.xib */,
			);
			path = signIn;
			sourceTree = "<group>";
		};
		5149DCFB22154E980076F121 /* signUp */ = {
			isa = PBXGroup;
			children = (
				5149DCE722154D8E0076F121 /* SignUpView.swift */,
				5149DCF522154E550076F121 /* SignUpView.xib */,
			);
			path = signUp;
			sourceTree = "<group>";
		};
		5149DCFC22154EA00076F121 /* profilView */ = {
			isa = PBXGroup;
			children = (
				5149DCE922154DAC0076F121 /* ProfilView.swift */,
				5149DCFF221553770076F121 /* ProfilView.xib */,
			);
			path = profilView;
			sourceTree = "<group>";
		};
/* End PBXGroup section */

/* Begin PBXNativeTarget section */
		5149DCB322154C0F0076F121 /* FinalApp */ = {
			isa = PBXNativeTarget;
			buildConfigurationList = 5149DCDC22154C100076F121 /* Build configuration list for PBXNativeTarget "FinalApp" */;
			buildPhases = (
				5149DCB022154C0F0076F121 /* Sources */,
				5149DCB122154C0F0076F121 /* Frameworks */,
				5149DCB222154C0F0076F121 /* Resources */,
			);
			buildRules = (
			);
			dependencies = (
			);
			name = FinalApp;
			productName = FinalApp;
			productReference = 5149DCB422154C0F0076F121 /* FinalApp.app */;
			productType = "com.apple.product-type.application";
		};
		5149DCC722154C100076F121 /* FinalAppTests */ = {
			isa = PBXNativeTarget;
			buildConfigurationList = 5149DCDF22154C100076F121 /* Build configuration list for PBXNativeTarget "FinalAppTests" */;
			buildPhases = (
				5149DCC422154C100076F121 /* Sources */,
				5149DCC522154C100076F121 /* Frameworks */,
				5149DCC622154C100076F121 /* Resources */,
			);
			buildRules = (
			);
			dependencies = (
				5149DCCA22154C100076F121 /* PBXTargetDependency */,
			);
			name = FinalAppTests;
			productName = FinalAppTests;
			productReference = 5149DCC822154C100076F121 /* FinalAppTests.xctest */;
			productType = "com.apple.product-type.bundle.unit-test";
		};
		5149DCD222154C100076F121 /* FinalAppUITests */ = {
			isa = PBXNativeTarget;
			buildConfigurationList = 5149DCE222154C100076F121 /* Build configuration list for PBXNativeTarget "FinalAppUITests" */;
			buildPhases = (
				5149DCCF22154C100076F121 /* Sources */,
				5149DCD022154C100076F121 /* Frameworks */,
				5149DCD122154C100076F121 /* Resources */,
			);
			buildRules = (
			);
			dependencies = (
				5149DCD522154C100076F121 /* PBXTargetDependency */,
			);
			name = FinalAppUITests;
			productName = FinalAppUITests;
			productReference = 5149DCD322154C100076F121 /* FinalAppUITests.xctest */;
			productType = "com.apple.product-type.bundle.ui-testing";
		};
/* End PBXNativeTarget section */

/* Begin PBXProject section */
		5149DCAC22154C0F0076F121 /* Project object */ = {
			isa = PBXProject;
			attributes = {
				LastSwiftUpdateCheck = 1010;
				LastUpgradeCheck = 1010;
				ORGANIZATIONNAME = "Jean-Charles Moussé";
				TargetAttributes = {
					5149DCB322154C0F0076F121 = {
						CreatedOnToolsVersion = 10.1;
					};
					5149DCC722154C100076F121 = {
						CreatedOnToolsVersion = 10.1;
						TestTargetID = 5149DCB322154C0F0076F121;
					};
					5149DCD222154C100076F121 = {
						CreatedOnToolsVersion = 10.1;
						TestTargetID = 5149DCB322154C0F0076F121;
					};
				};
			};
			buildConfigurationList = 5149DCAF22154C0F0076F121 /* Build configuration list for PBXProject "FinalApp" */;
			compatibilityVersion = "Xcode 9.3";
			developmentRegion = en;
			hasScannedForEncodings = 0;
			knownRegions = (
				en,
				Base,
			);
			mainGroup = 5149DCAB22154C0F0076F121;
			productRefGroup = 5149DCB522154C0F0076F121 /* Products */;
			projectDirPath = "";
			projectRoot = "";
			targets = (
				5149DCB322154C0F0076F121 /* FinalApp */,
				5149DCC722154C100076F121 /* FinalAppTests */,
				5149DCD222154C100076F121 /* FinalAppUITests */,
			);
		};
/* End PBXProject section */

/* Begin PBXResourcesBuildPhase section */
		5149DCB222154C0F0076F121 /* Resources */ = {
			isa = PBXResourcesBuildPhase;
			buildActionMask = 2147483647;
			files = (
				5149DD00221564720076F121 /* ProfilView.xib in Resources */,
				5149DCF622154E550076F121 /* SignUpView.xib in Resources */,
				5149DCC222154C100076F121 /* LaunchScreen.storyboard in Resources */,
				5149DCBF22154C100076F121 /* Assets.xcassets in Resources */,
				5149DCBD22154C0F0076F121 /* Main.storyboard in Resources */,
				5149DCFE221552020076F121 /* SignInView.xib in Resources */,
			);
			runOnlyForDeploymentPostprocessing = 0;
		};
		5149DCC622154C100076F121 /* Resources */ = {
			isa = PBXResourcesBuildPhase;
			buildActionMask = 2147483647;
			files = (
			);
			runOnlyForDeploymentPostprocessing = 0;
		};
		5149DCD122154C100076F121 /* Resources */ = {
			isa = PBXResourcesBuildPhase;
			buildActionMask = 2147483647;
			files = (
			);
			runOnlyForDeploymentPostprocessing = 0;
		};
/* End PBXResourcesBuildPhase section */

/* Begin PBXSourcesBuildPhase section */
		5149DCB022154C0F0076F121 /* Sources */ = {
			isa = PBXSourcesBuildPhase;
			buildActionMask = 2147483647;
			files = (
				5149DCE822154D8E0076F121 /* SignUpView.swift in Sources */,
				5149DCF022154E060076F121 /* SignInViewDelegate.swift in Sources */,
				5149DCF222154E1C0076F121 /* SignUpViewDelegate.swift in Sources */,
				5149DCEA22154DAC0076F121 /* ProfilView.swift in Sources */,
				5149DCEC22154DC80076F121 /* User.swift in Sources */,
				5149DCE622154D3F0076F121 /* SignInView.swift in Sources */,
				5149DCBA22154C0F0076F121 /* LoginViewController.swift in Sources */,
				5149DCF422154E330076F121 /* ProfilViewDelegate.swift in Sources */,
				5149DCEE22154DE90076F121 /* RegisteredUser.swift in Sources */,
				5149DCB822154C0F0076F121 /* AppDelegate.swift in Sources */,
				5149DD0222156FF00076F121 /* Form.swift in Sources */,
			);
			runOnlyForDeploymentPostprocessing = 0;
		};
		5149DCC422154C100076F121 /* Sources */ = {
			isa = PBXSourcesBuildPhase;
			buildActionMask = 2147483647;
			files = (
				5149DCCD22154C100076F121 /* FinalAppTests.swift in Sources */,
			);
			runOnlyForDeploymentPostprocessing = 0;
		};
		5149DCCF22154C100076F121 /* Sources */ = {
			isa = PBXSourcesBuildPhase;
			buildActionMask = 2147483647;
			files = (
				5149DCD822154C100076F121 /* FinalAppUITests.swift in Sources */,
			);
			runOnlyForDeploymentPostprocessing = 0;
		};
/* End PBXSourcesBuildPhase section */

/* Begin PBXTargetDependency section */
		5149DCCA22154C100076F121 /* PBXTargetDependency */ = {
			isa = PBXTargetDependency;
			target = 5149DCB322154C0F0076F121 /* FinalApp */;
			targetProxy = 5149DCC922154C100076F121 /* PBXContainerItemProxy */;
		};
		5149DCD522154C100076F121 /* PBXTargetDependency */ = {
			isa = PBXTargetDependency;
			target = 5149DCB322154C0F0076F121 /* FinalApp */;
			targetProxy = 5149DCD422154C100076F121 /* PBXContainerItemProxy */;
		};
/* End PBXTargetDependency section */

/* Begin PBXVariantGroup section */
		5149DCBB22154C0F0076F121 /* Main.storyboard */ = {
			isa = PBXVariantGroup;
			children = (
				5149DCBC22154C0F0076F121 /* Base */,
			);
			name = Main.storyboard;
			sourceTree = "<group>";
		};
		5149DCC022154C100076F121 /* LaunchScreen.storyboard */ = {
			isa = PBXVariantGroup;
			children = (
				5149DCC122154C100076F121 /* Base */,
			);
			name = LaunchScreen.storyboard;
			sourceTree = "<group>";
		};
/* End PBXVariantGroup section */

/* Begin XCBuildConfiguration section */
		5149DCDA22154C100076F121 /* Debug */ = {
			isa = XCBuildConfiguration;
			buildSettings = {
				ALWAYS_SEARCH_USER_PATHS = NO;
				CLANG_ANALYZER_NONNULL = YES;
				CLANG_ANALYZER_NUMBER_OBJECT_CONVERSION = YES_AGGRESSIVE;
				CLANG_CXX_LANGUAGE_STANDARD = "gnu++14";
				CLANG_CXX_LIBRARY = "libc++";
				CLANG_ENABLE_MODULES = YES;
				CLANG_ENABLE_OBJC_ARC = YES;
				CLANG_ENABLE_OBJC_WEAK = YES;
				CLANG_WARN_BLOCK_CAPTURE_AUTORELEASING = YES;
				CLANG_WARN_BOOL_CONVERSION = YES;
				CLANG_WARN_COMMA = YES;
				CLANG_WARN_CONSTANT_CONVERSION = YES;
				CLANG_WARN_DEPRECATED_OBJC_IMPLEMENTATIONS = YES;
				CLANG_WARN_DIRECT_OBJC_ISA_USAGE = YES_ERROR;
				CLANG_WARN_DOCUMENTATION_COMMENTS = YES;
				CLANG_WARN_EMPTY_BODY = YES;
				CLANG_WARN_ENUM_CONVERSION = YES;
				CLANG_WARN_INFINITE_RECURSION = YES;
				CLANG_WARN_INT_CONVERSION = YES;
				CLANG_WARN_NON_LITERAL_NULL_CONVERSION = YES;
				CLANG_WARN_OBJC_IMPLICIT_RETAIN_SELF = YES;
				CLANG_WARN_OBJC_LITERAL_CONVERSION = YES;
				CLANG_WARN_OBJC_ROOT_CLASS = YES_ERROR;
				CLANG_WARN_RANGE_LOOP_ANALYSIS = YES;
				CLANG_WARN_STRICT_PROTOTYPES = YES;
				CLANG_WARN_SUSPICIOUS_MOVE = YES;
				CLANG_WARN_UNGUARDED_AVAILABILITY = YES_AGGRESSIVE;
				CLANG_WARN_UNREACHABLE_CODE = YES;
				CLANG_WARN__DUPLICATE_METHOD_MATCH = YES;
				CODE_SIGN_IDENTITY = "iPhone Developer";
				COPY_PHASE_STRIP = NO;
				DEBUG_INFORMATION_FORMAT = dwarf;
				ENABLE_STRICT_OBJC_MSGSEND = YES;
				ENABLE_TESTABILITY = YES;
				GCC_C_LANGUAGE_STANDARD = gnu11;
				GCC_DYNAMIC_NO_PIC = NO;
				GCC_NO_COMMON_BLOCKS = YES;
				GCC_OPTIMIZATION_LEVEL = 0;
				GCC_PREPROCESSOR_DEFINITIONS = (
					"DEBUG=1",
					"$(inherited)",
				);
				GCC_WARN_64_TO_32_BIT_CONVERSION = YES;
				GCC_WARN_ABOUT_RETURN_TYPE = YES_ERROR;
				GCC_WARN_UNDECLARED_SELECTOR = YES;
				GCC_WARN_UNINITIALIZED_AUTOS = YES_AGGRESSIVE;
				GCC_WARN_UNUSED_FUNCTION = YES;
				GCC_WARN_UNUSED_VARIABLE = YES;
				IPHONEOS_DEPLOYMENT_TARGET = 12.1;
				MTL_ENABLE_DEBUG_INFO = INCLUDE_SOURCE;
				MTL_FAST_MATH = YES;
				ONLY_ACTIVE_ARCH = YES;
				SDKROOT = iphoneos;
				SWIFT_ACTIVE_COMPILATION_CONDITIONS = DEBUG;
				SWIFT_OPTIMIZATION_LEVEL = "-Onone";
			};
			name = Debug;
		};
		5149DCDB22154C100076F121 /* Release */ = {
			isa = XCBuildConfiguration;
			buildSettings = {
				ALWAYS_SEARCH_USER_PATHS = NO;
				CLANG_ANALYZER_NONNULL = YES;
				CLANG_ANALYZER_NUMBER_OBJECT_CONVERSION = YES_AGGRESSIVE;
				CLANG_CXX_LANGUAGE_STANDARD = "gnu++14";
				CLANG_CXX_LIBRARY = "libc++";
				CLANG_ENABLE_MODULES = YES;
				CLANG_ENABLE_OBJC_ARC = YES;
				CLANG_ENABLE_OBJC_WEAK = YES;
				CLANG_WARN_BLOCK_CAPTURE_AUTORELEASING = YES;
				CLANG_WARN_BOOL_CONVERSION = YES;
				CLANG_WARN_COMMA = YES;
				CLANG_WARN_CONSTANT_CONVERSION = YES;
				CLANG_WARN_DEPRECATED_OBJC_IMPLEMENTATIONS = YES;
				CLANG_WARN_DIRECT_OBJC_ISA_USAGE = YES_ERROR;
				CLANG_WARN_DOCUMENTATION_COMMENTS = YES;
				CLANG_WARN_EMPTY_BODY = YES;
				CLANG_WARN_ENUM_CONVERSION = YES;
				CLANG_WARN_INFINITE_RECURSION = YES;
				CLANG_WARN_INT_CONVERSION = YES;
				CLANG_WARN_NON_LITERAL_NULL_CONVERSION = YES;
				CLANG_WARN_OBJC_IMPLICIT_RETAIN_SELF = YES;
				CLANG_WARN_OBJC_LITERAL_CONVERSION = YES;
				CLANG_WARN_OBJC_ROOT_CLASS = YES_ERROR;
				CLANG_WARN_RANGE_LOOP_ANALYSIS = YES;
				CLANG_WARN_STRICT_PROTOTYPES = YES;
				CLANG_WARN_SUSPICIOUS_MOVE = YES;
				CLANG_WARN_UNGUARDED_AVAILABILITY = YES_AGGRESSIVE;
				CLANG_WARN_UNREACHABLE_CODE = YES;
				CLANG_WARN__DUPLICATE_METHOD_MATCH = YES;
				CODE_SIGN_IDENTITY = "iPhone Developer";
				COPY_PHASE_STRIP = NO;
				DEBUG_INFORMATION_FORMAT = "dwarf-with-dsym";
				ENABLE_NS_ASSERTIONS = NO;
				ENABLE_STRICT_OBJC_MSGSEND = YES;
				GCC_C_LANGUAGE_STANDARD = gnu11;
				GCC_NO_COMMON_BLOCKS = YES;
				GCC_WARN_64_TO_32_BIT_CONVERSION = YES;
				GCC_WARN_ABOUT_RETURN_TYPE = YES_ERROR;
				GCC_WARN_UNDECLARED_SELECTOR = YES;
				GCC_WARN_UNINITIALIZED_AUTOS = YES_AGGRESSIVE;
				GCC_WARN_UNUSED_FUNCTION = YES;
				GCC_WARN_UNUSED_VARIABLE = YES;
				IPHONEOS_DEPLOYMENT_TARGET = 12.1;
				MTL_ENABLE_DEBUG_INFO = NO;
				MTL_FAST_MATH = YES;
				SDKROOT = iphoneos;
				SWIFT_COMPILATION_MODE = wholemodule;
				SWIFT_OPTIMIZATION_LEVEL = "-O";
				VALIDATE_PRODUCT = YES;
			};
			name = Release;
		};
		5149DCDD22154C100076F121 /* Debug */ = {
			isa = XCBuildConfiguration;
			buildSettings = {
				ASSETCATALOG_COMPILER_APPICON_NAME = AppIcon;
				CODE_SIGN_STYLE = Automatic;
				INFOPLIST_FILE = FinalApp/Info.plist;
				LD_RUNPATH_SEARCH_PATHS = (
					"$(inherited)",
					"@executable_path/Frameworks",
				);
				PRODUCT_BUNDLE_IDENTIFIER = com.pyozer.FinalApp;
				PRODUCT_NAME = "$(TARGET_NAME)";
				SWIFT_VERSION = 4.2;
				TARGETED_DEVICE_FAMILY = "1,2";
			};
			name = Debug;
		};
		5149DCDE22154C100076F121 /* Release */ = {
			isa = XCBuildConfiguration;
			buildSettings = {
				ASSETCATALOG_COMPILER_APPICON_NAME = AppIcon;
				CODE_SIGN_STYLE = Automatic;
				INFOPLIST_FILE = FinalApp/Info.plist;
				LD_RUNPATH_SEARCH_PATHS = (
					"$(inherited)",
					"@executable_path/Frameworks",
				);
				PRODUCT_BUNDLE_IDENTIFIER = com.pyozer.FinalApp;
				PRODUCT_NAME = "$(TARGET_NAME)";
				SWIFT_VERSION = 4.2;
				TARGETED_DEVICE_FAMILY = "1,2";
			};
			name = Release;
		};
		5149DCE022154C100076F121 /* Debug */ = {
			isa = XCBuildConfiguration;
			buildSettings = {
				ALWAYS_EMBED_SWIFT_STANDARD_LIBRARIES = YES;
				BUNDLE_LOADER = "$(TEST_HOST)";
				CODE_SIGN_STYLE = Automatic;
				INFOPLIST_FILE = FinalAppTests/Info.plist;
				LD_RUNPATH_SEARCH_PATHS = (
					"$(inherited)",
					"@executable_path/Frameworks",
					"@loader_path/Frameworks",
				);
				PRODUCT_BUNDLE_IDENTIFIER = com.pyozer.FinalAppTests;
				PRODUCT_NAME = "$(TARGET_NAME)";
				SWIFT_VERSION = 4.2;
				TARGETED_DEVICE_FAMILY = "1,2";
				TEST_HOST = "$(BUILT_PRODUCTS_DIR)/FinalApp.app/FinalApp";
			};
			name = Debug;
		};
		5149DCE122154C100076F121 /* Release */ = {
			isa = XCBuildConfiguration;
			buildSettings = {
				ALWAYS_EMBED_SWIFT_STANDARD_LIBRARIES = YES;
				BUNDLE_LOADER = "$(TEST_HOST)";
				CODE_SIGN_STYLE = Automatic;
				INFOPLIST_FILE = FinalAppTests/Info.plist;
				LD_RUNPATH_SEARCH_PATHS = (
					"$(inherited)",
					"@executable_path/Frameworks",
					"@loader_path/Frameworks",
				);
				PRODUCT_BUNDLE_IDENTIFIER = com.pyozer.FinalAppTests;
				PRODUCT_NAME = "$(TARGET_NAME)";
				SWIFT_VERSION = 4.2;
				TARGETED_DEVICE_FAMILY = "1,2";
				TEST_HOST = "$(BUILT_PRODUCTS_DIR)/FinalApp.app/FinalApp";
			};
			name = Release;
		};
		5149DCE322154C100076F121 /* Debug */ = {
			isa = XCBuildConfiguration;
			buildSettings = {
				ALWAYS_EMBED_SWIFT_STANDARD_LIBRARIES = YES;
				CODE_SIGN_STYLE = Automatic;
				INFOPLIST_FILE = FinalAppUITests/Info.plist;
				LD_RUNPATH_SEARCH_PATHS = (
					"$(inherited)",
					"@executable_path/Frameworks",
					"@loader_path/Frameworks",
				);
				PRODUCT_BUNDLE_IDENTIFIER = com.pyozer.FinalAppUITests;
				PRODUCT_NAME = "$(TARGET_NAME)";
				SWIFT_VERSION = 4.2;
				TARGETED_DEVICE_FAMILY = "1,2";
				TEST_TARGET_NAME = FinalApp;
			};
			name = Debug;
		};
		5149DCE422154C100076F121 /* Release */ = {
			isa = XCBuildConfiguration;
			buildSettings = {
				ALWAYS_EMBED_SWIFT_STANDARD_LIBRARIES = YES;
				CODE_SIGN_STYLE = Automatic;
				INFOPLIST_FILE = FinalAppUITests/Info.plist;
				LD_RUNPATH_SEARCH_PATHS = (
					"$(inherited)",
					"@executable_path/Frameworks",
					"@loader_path/Frameworks",
				);
				PRODUCT_BUNDLE_IDENTIFIER = com.pyozer.FinalAppUITests;
				PRODUCT_NAME = "$(TARGET_NAME)";
				SWIFT_VERSION = 4.2;
				TARGETED_DEVICE_FAMILY = "1,2";
				TEST_TARGET_NAME = FinalApp;
			};
			name = Release;
		};
/* End XCBuildConfiguration section */

/* Begin XCConfigurationList section */
		5149DCAF22154C0F0076F121 /* Build configuration list for PBXProject "FinalApp" */ = {
			isa = XCConfigurationList;
			buildConfigurations = (
				5149DCDA22154C100076F121 /* Debug */,
				5149DCDB22154C100076F121 /* Release */,
			);
			defaultConfigurationIsVisible = 0;
			defaultConfigurationName = Release;
		};
		5149DCDC22154C100076F121 /* Build configuration list for PBXNativeTarget "FinalApp" */ = {
			isa = XCConfigurationList;
			buildConfigurations = (
				5149DCDD22154C100076F121 /* Debug */,
				5149DCDE22154C100076F121 /* Release */,
			);
			defaultConfigurationIsVisible = 0;
			defaultConfigurationName = Release;
		};
		5149DCDF22154C100076F121 /* Build configuration list for PBXNativeTarget "FinalAppTests" */ = {
			isa = XCConfigurationList;
			buildConfigurations = (
				5149DCE022154C100076F121 /* Debug */,
				5149DCE122154C100076F121 /* Release */,
			);
			defaultConfigurationIsVisible = 0;
			defaultConfigurationName = Release;
		};
		5149DCE222154C100076F121 /* Build configuration list for PBXNativeTarget "FinalAppUITests" */ = {
			isa = XCConfigurationList;
			buildConfigurations = (
				5149DCE322154C100076F121 /* Debug */,
				5149DCE422154C100076F121 /* Release */,
			);
			defaultConfigurationIsVisible = 0;
			defaultConfigurationName = Release;
		};
/* End XCConfigurationList section */
	};
	rootObject = 5149DCAC22154C0F0076F121 /* Project object */;
}
